
Microsoft Visual Studio Solution File, Format Version 12.00
# Visual Studio 15
VisualStudioVersion = 15.0.28010.2036
MinimumVisualStudioVersion = 10.0.40219.1
Project("{FAE04EC0-301F-11D3-BF4B-00C04F79EFBC}") = "L2MWeapCalc", "L2MWeapCalc\L2MWeapCalc.csproj", "{8BDF02D2-DFC8-44D7-B0B7-56A30A2A5DE2}"
EndProject
Global
	GlobalSection(SolutionConfigurationPlatforms) = preSolution
		Debug|Any CPU = Debug|Any CPU
		Release|Any CPU = Release|Any CPU
	EndGlobalSection
	GlobalSection(ProjectConfigurationPlatforms) = postSolution
		{8BDF02D2-DFC8-44D7-B0B7-56A30A2A5DE2}.Debug|Any CPU.ActiveCfg = Debug|Any CPU
		{8BDF02D2-DFC8-44D7-B0B7-56A30A2A5DE2}.Debug|Any CPU.Build.0 = Debug|Any CPU
		{8BDF02D2-DFC8-44D7-B0B7-56A30A2A5DE2}.Release|Any CPU.ActiveCfg = Release|Any CPU
		{8BDF02D2-DFC8-44D7-B0B7-56A30A2A5DE2}.Release|Any CPU.Build.0 = Release|Any CPU
	EndGlobalSection
	GlobalSection(SolutionProperties) = preSolution
		HideSolutionNode = FALSE
	EndGlobalSection
	GlobalSection(ExtensibilityGlobals) = postSolution
		SolutionGuid = {2781B98D-81F4-4CCA-922A-14D48410FDC1}
	EndGlobalSection
EndGlobal
